<?xml version="1.0" encoding="utf-8"?>
<Project ToolsVersion="4.0" xmlns="http://schemas.microsoft.com/developer/msbuild/2003">
  <ItemGroup>
    <Filter Include="Archivos de origen">
      <UniqueIdentifier>{4FC737F1-C7A5-4376-A066-2A32D752A2FF}</UniqueIdentifier>
      <Extensions>cpp;c;cc;cxx;def;odl;idl;hpj;bat;asm;asmx</Extensions>
    </Filter>
    <Filter Include="Archivos de encabezado">
      <UniqueIdentifier>{93995380-89BD-4b04-88EB-625FBE52EBFB}</UniqueIdentifier>
      <Extensions>h;hh;hpp;hxx;hm;inl;inc;ipp;xsd</Extensions>
    </Filter>
    <Filter Include="Archivos de recursos">
      <UniqueIdentifier>{67DA6AB6-F800-4c08-8B7A-83BB121AAD01}</UniqueIdentifier>
      <Extensions>rc;ico;cur;bmp;dlg;rc2;rct;bin;rgs;gif;jpg;jpeg;jpe;resx;tiff;tif;png;wav;mfcribbon-ms</Extensions>
    </Filter>
    <Filter Include="Logic">
      <UniqueIdentifier>{551be2fa-efc0-4a50-93d4-e53f51e31c2a}</UniqueIdentifier>
    </Filter>
    <Filter Include="Renderer">
      <UniqueIdentifier>{a367b54d-f884-45ea-bfcc-b12f1a867372}</UniqueIdentifier>
    </Filter>
    <Filter Include="Platform">
      <UniqueIdentifier>{7beb41cd-f5c8-4a88-b491-c4be93c6c311}</UniqueIdentifier>
    </Filter>
    <Filter Include="Utils">
      <UniqueIdentifier>{b93c1b37-18ac-4a33-b50e-a0db9885c36c}</UniqueIdentifier>
    </Filter>
  </ItemGroup>
  <ItemGroup>
    <ClInclude Include="..\..\src\Practica2\Platform\PC\PCPlatform.h">
      <Filter>Platform</Filter>
    </ClInclude>
    <ClInclude Include="..\..\src\Practica2\Platform\Platform.h">
      <Filter>Platform</Filter>
    </ClInclude>
    <ClInclude Include="..\..\src\Practica2\Renderer\PC\PCRenderer.h">
      <Filter>Renderer</Filter>
    </ClInclude>
    <ClInclude Include="..\..\src\Practica2\Renderer\Renderer.h">
      <Filter>Renderer</Filter>
    </ClInclude>
    <ClInclude Include="..\..\src\Practica3\Utils\BinReader.h">
      <Filter>Utils</Filter>
    </ClInclude>
    <ClInclude Include="..\..\src\Practica3\Logic\ScreenSimulation.h">
      <Filter>Logic</Filter>
    </ClInclude>
    <ClInclude Include="..\..\src\Practica3\Utils\user_malloc.h">
      <Filter>Archivos de encabezado</Filter>
    </ClInclude>
    <ClInclude Include="..\..\src\Practica3\Utils\ConcurrentQueue.h">
      <Filter>Utils</Filter>
    </ClInclude>
    <ClInclude Include="..\..\src\Practica3\Utils\RendererThread.h">
      <Filter>Renderer</Filter>
    </ClInclude>
  </ItemGroup>
  <ItemGroup>
    <ClCompile Include="..\..\src\Practica2\Platform\PC\PCPlatform.cpp">
      <Filter>Platform</Filter>
    </ClCompile>
    <ClCompile Include="..\..\src\Practica2\Renderer\PC\PCRenderer.cpp">
      <Filter>Renderer</Filter>
    </ClCompile>
    <ClCompile Include="..\..\src\Practica3\main.cpp">
      <Filter>Archivos de origen</Filter>
    </ClCompile>
    <ClCompile Include="..\..\src\Practica3\Utils\BinReader.cpp">
      <Filter>Utils</Filter>
    </ClCompile>
    <ClCompile Include="..\..\src\Practica3\Logic\ScreenSimulation.cpp">
      <Filter>Logic</Filter>
    </ClCompile>
    <ClCompile Include="..\..\src\Practica3\Utils\RendererThread.cpp">
      <Filter>Renderer</Filter>
    </ClCompile>
  </ItemGroup>
</Project>